{
    "_readme": [
        "This file locks the dependencies of your project to a known state",
        "Read more about it at https://getcomposer.org/doc/01-basic-usage.md#installing-dependencies",
        "This file is @generated automatically"
    ],
    "content-hash": "4dfaf4ed10ab15b0ebcec4275c98a1eb",
    "packages": [
        {
            "name": "yiisoft/yii2-composer",
            "version": "2.0.10",
            "source": {
                "type": "git",
                "url": "https://github.com/yiisoft/yii2-composer.git",
                "reference": "94bb3f66e779e2774f8776d6e1bdeab402940510"
            },
            "dist": {
                "type": "zip",
                "url": "https://api.github.com/repos/yiisoft/yii2-composer/zipball/94bb3f66e779e2774f8776d6e1bdeab402940510",
                "reference": "94bb3f66e779e2774f8776d6e1bdeab402940510",
                "shasum": "",
                "mirrors": [
                    {
                        "url": "https://mirrors.aliyun.com/composer/dists/%package%/%reference%.%type%",
                        "preferred": true
                    }
                ]
            },
            "require": {
                "composer-plugin-api": "^1.0 | ^2.0"
            },
            "require-dev": {
                "composer/composer": "^1.0 | ^2.0@dev",
                "phpunit/phpunit": "<7"
            },
            "type": "composer-plugin",
            "extra": {
                "class": "yii\\composer\\Plugin",
                "branch-alias": {
                    "dev-master": "2.0.x-dev"
                }
            },
            "autoload": {
                "psr-4": {
                    "yii\\composer\\": ""
                }
            },
            "notification-url": "https://packagist.org/downloads/",
            "license": [
                "BSD-3-Clause"
            ],
            "authors": [
                {
                    "name": "Qiang Xue",
                    "email": "qiang.xue@gmail.com"
                },
                {
                    "name": "Carsten Brandt",
                    "email": "mail@cebe.cc"
                }
            ],
            "description": "The composer plugin for Yii extension installer",
            "keywords": [
                "composer",
                "extension installer",
                "yii2"
            ],
            "funding": [
                {
                    "url": "https://github.com/yiisoft",
                    "type": "github"
                },
                {
                    "url": "https://opencollective.com/yiisoft",
                    "type": "open_collective"
                },
                {
                    "url": "https://tidelift.com/funding/github/packagist/yiisoft/yii2-composer",
                    "type": "tidelift"
                }
            ],
            "time": "2020-06-24T00:04:01+00:00"
        }
    ],
    "packages-dev": [],
    "aliases": [],
    "minimum-stability": "stable",
    "stability-flags": [],
    "prefer-stable": false,
    "prefer-lowest": false,
    "platform": {
        "php": ">=5.4.0",
        "ext-mbstring": "*",
        "ext-ctype": "*",
        "lib-pcre": "*"
    },
    "platform-dev": [],
    "plugin-api-version": "1.1.0"
}
